<?xml version="1.0" encoding="utf-8"?>
<Project ToolsVersion="4.0" xmlns="http://schemas.microsoft.com/developer/msbuild/2003">
  <ItemGroup>
    <Filter Include="Source Files">
      <UniqueIdentifier>{4FC737F1-C7A5-4376-A066-2A32D752A2FF}</UniqueIdentifier>
      <Extensions>cpp;c;cc;cxx;def;odl;idl;hpj;bat;asm;asmx</Extensions>
    </Filter>
    <Filter Include="Header Files">
      <UniqueIdentifier>{93995380-89BD-4b04-88EB-625FBE52EBFB}</UniqueIdentifier>
      <Extensions>h;hh;hpp;hxx;hm;inl;inc;xsd</Extensions>
    </Filter>
    <Filter Include="Resource Files">
      <UniqueIdentifier>{67DA6AB6-F800-4c08-8B7A-83BB121AAD01}</UniqueIdentifier>
      <Extensions>rc;ico;cur;bmp;dlg;rc2;rct;bin;rgs;gif;jpg;jpeg;jpe;resx;tiff;tif;png;wav;mfcribbon-ms</Extensions>
    </Filter>
    <Filter Include="Shaders">
      <UniqueIdentifier>{8a074339-eabe-41db-b8bb-292b4819d5f6}</UniqueIdentifier>
    </Filter>
    <Filter Include="JSON">
      <UniqueIdentifier>{93d5fef6-df2d-48a8-af0a-5020b95a8569}</UniqueIdentifier>
    </Filter>
  </ItemGroup>
  <ItemGroup>
    <None Include="Assets\shaders\basic.vert">
      <Filter>Shaders</Filter>
    </None>
    <None Include="Assets\shaders\toon.frag">
      <Filter>Shaders</Filter>
    </None>
    <None Include="Assets\shaders\cook.frag">
      <Filter>Shaders</Filter>
    </None>
    <None Include="Assets\JSON\lights.json">
      <Filter>JSON</Filter>
    </None>
    <None Include="Assets\shaders\silhouette.frag">
      <Filter>Shaders</Filter>
    </None>
    <None Include="Assets\shaders\select.frag">
      <Filter>Shaders</Filter>
    </None>
    <None Include="Assets\shaders\Normal Mapping.frag">
      <Filter>Shaders</Filter>
    </None>
    <None Include="Assets\shaders\parallaxMapping.frag">
      <Filter>Shaders</Filter>
    </None>
    <None Include="Assets\shaders\cubeMapping.frag">
      <Filter>Shaders</Filter>
    </None>
    <None Include="Assets\shaders\skybox.frag">
      <Filter>Shaders</Filter>
    </None>
  </ItemGroup>
  <ItemGroup>
    <ClInclude Include="Source\Camera.h">
      <Filter>Header Files</Filter>
    </ClInclude>
    <ClInclude Include="Source\GLSLProgram.h">
      <Filter>Header Files</Filter>
    </ClInclude>
    <ClInclude Include="Source\GPUProperties.h">
      <Filter>Header Files</Filter>
    </ClInclude>
    <ClInclude Include="Source\Main.h">
      <Filter>Header Files</Filter>
    </ClInclude>
    <ClInclude Include="Source\Object.h">
      <Filter>Header Files</Filter>
    </ClInclude>
    <ClInclude Include="Source\Scene.h">
      <Filter>Header Files</Filter>
    </ClInclude>
    <ClInclude Include="Source\Texture.h">
      <Filter>Header Files</Filter>
    </ClInclude>
    <ClInclude Include="Source\TexturedObject.h">
      <Filter>Header Files</Filter>
    </ClInclude>
    <ClInclude Include="Source\UserInterface.h">
      <Filter>Header Files</Filter>
    </ClInclude>
  </ItemGroup>
  <ItemGroup>
    <ClCompile Include="Source\Camera.cpp">
      <Filter>Source Files</Filter>
    </ClCompile>
    <ClCompile Include="Source\GLSLProgram.cpp">
      <Filter>Source Files</Filter>
    </ClCompile>
    <ClCompile Include="Source\GPUProperties.cpp">
      <Filter>Source Files</Filter>
    </ClCompile>
    <ClCompile Include="Source\Main.cpp">
      <Filter>Source Files</Filter>
    </ClCompile>
    <ClCompile Include="Source\Object.cpp">
      <Filter>Source Files</Filter>
    </ClCompile>
    <ClCompile Include="Source\Scene.cpp">
      <Filter>Source Files</Filter>
    </ClCompile>
    <ClCompile Include="Source\Texture.cpp">
      <Filter>Source Files</Filter>
    </ClCompile>
    <ClCompile Include="Source\TexturedObject.cpp">
      <Filter>Source Files</Filter>
    </ClCompile>
    <ClCompile Include="Source\UserInterface.cpp">
      <Filter>Source Files</Filter>
    </ClCompile>
  </ItemGroup>
</Project>